
Microsoft Visual Studio Solution File, Format Version 12.00
# Visual Studio 15
VisualStudioVersion = 15.0.27703.2000
MinimumVisualStudioVersion = 10.0.40219.1
Project("{FAE04EC0-301F-11D3-BF4B-00C04F79EFBC}") = "TestSendMailRu", "TestSendMailRu\TestSendMailRu.csproj", "{50B7A7A6-F105-4EB2-BF69-78BA6C4E2871}"
EndProject
Global
	GlobalSection(SolutionConfigurationPlatforms) = preSolution
		Debug|Any CPU = Debug|Any CPU
		Release|Any CPU = Release|Any CPU
	EndGlobalSection
	GlobalSection(ProjectConfigurationPlatforms) = postSolution
		{50B7A7A6-F105-4EB2-BF69-78BA6C4E2871}.Debug|Any CPU.ActiveCfg = Debug|Any CPU
		{50B7A7A6-F105-4EB2-BF69-78BA6C4E2871}.Debug|Any CPU.Build.0 = Debug|Any CPU
		{50B7A7A6-F105-4EB2-BF69-78BA6C4E2871}.Release|Any CPU.ActiveCfg = Release|Any CPU
		{50B7A7A6-F105-4EB2-BF69-78BA6C4E2871}.Release|Any CPU.Build.0 = Release|Any CPU
	EndGlobalSection
	GlobalSection(SolutionProperties) = preSolution
		HideSolutionNode = FALSE
	EndGlobalSection
	GlobalSection(ExtensibilityGlobals) = postSolution
		SolutionGuid = {A80FA425-A69E-4723-924A-05D4EB8E5A03}
	EndGlobalSection
EndGlobal
